
Microsoft Visual Studio Solution File, Format Version 12.00
# Visual Studio Version 17
VisualStudioVersion = 17.12.35527.113
MinimumVisualStudioVersion = 10.0.40219.1
Project("{8BC9CEB8-8B4A-11D0-8D11-00A0C91BC942}") = "NumGuesser", "NumGuesser\NumGuesser.vcxproj", "{E2D453DA-21E9-40BB-9D2B-C5221AA220BB}"
EndProject
Project("{8BC9CEB8-8B4A-11D0-8D11-00A0C91BC942}") = "RNG_Module_Tests", "RNG_Module_Tests\RNG_Module_Tests.vcxproj", "{CE34A85D-2B00-20C0-EB17-178CFF0B6729}"
EndProject
Project("{8BC9CEB8-8B4A-11D0-8D11-00A0C91BC942}") = "JadenTests", "JadenTests\JadenTests.vcxproj", "{6432360B-26E6-42B9-8A77-E8EAB639864A}"
EndProject
Project("{8BC9CEB8-8B4A-11D0-8D11-00A0C91BC942}") = "UnitTestValidateUserGuess()", "UnitTestValidateUserGuess()\UnitTestValidateUserGuess().vcxproj", "{1CD77BCC-011A-4B21-9E59-B242E86CE767}"
EndProject
Project("{8BC9CEB8-8B4A-11D0-8D11-00A0C91BC942}") = "UnitTestCheckRange()", "UnitTestCheckRange()\UnitTestCheckRange().vcxproj", "{DFC80661-D9A3-41FE-A874-4597E31CCC25}"
EndProject
Global
	GlobalSection(SolutionConfigurationPlatforms) = preSolution
		Debug|x64 = Debug|x64
		Debug|x86 = Debug|x86
		Release|x64 = Release|x64
		Release|x86 = Release|x86
	EndGlobalSection
	GlobalSection(ProjectConfigurationPlatforms) = postSolution
		{E2D453DA-21E9-40BB-9D2B-C5221AA220BB}.Debug|x64.ActiveCfg = Debug|x64
		{E2D453DA-21E9-40BB-9D2B-C5221AA220BB}.Debug|x64.Build.0 = Debug|x64
		{E2D453DA-21E9-40BB-9D2B-C5221AA220BB}.Debug|x86.ActiveCfg = Debug|Win32
		{E2D453DA-21E9-40BB-9D2B-C5221AA220BB}.Debug|x86.Build.0 = Debug|Win32
		{E2D453DA-21E9-40BB-9D2B-C5221AA220BB}.Release|x64.ActiveCfg = Release|x64
		{E2D453DA-21E9-40BB-9D2B-C5221AA220BB}.Release|x64.Build.0 = Release|x64
		{E2D453DA-21E9-40BB-9D2B-C5221AA220BB}.Release|x86.ActiveCfg = Release|Win32
		{E2D453DA-21E9-40BB-9D2B-C5221AA220BB}.Release|x86.Build.0 = Release|Win32
		{CE34A85D-2B00-20C0-EB17-178CFF0B6729}.Debug|x64.ActiveCfg = Debug|x64
		{CE34A85D-2B00-20C0-EB17-178CFF0B6729}.Debug|x64.Build.0 = Debug|x64
		{CE34A85D-2B00-20C0-EB17-178CFF0B6729}.Debug|x86.ActiveCfg = Debug|Win32
		{CE34A85D-2B00-20C0-EB17-178CFF0B6729}.Debug|x86.Build.0 = Debug|Win32
		{CE34A85D-2B00-20C0-EB17-178CFF0B6729}.Release|x64.ActiveCfg = Release|x64
		{CE34A85D-2B00-20C0-EB17-178CFF0B6729}.Release|x64.Build.0 = Release|x64
		{CE34A85D-2B00-20C0-EB17-178CFF0B6729}.Release|x86.ActiveCfg = Release|Win32
		{CE34A85D-2B00-20C0-EB17-178CFF0B6729}.Release|x86.Build.0 = Release|Win32
		{6432360B-26E6-42B9-8A77-E8EAB639864A}.Debug|x64.ActiveCfg = Debug|x64
		{6432360B-26E6-42B9-8A77-E8EAB639864A}.Debug|x64.Build.0 = Debug|x64
		{6432360B-26E6-42B9-8A77-E8EAB639864A}.Debug|x86.ActiveCfg = Debug|Win32
		{6432360B-26E6-42B9-8A77-E8EAB639864A}.Debug|x86.Build.0 = Debug|Win32
		{6432360B-26E6-42B9-8A77-E8EAB639864A}.Release|x64.ActiveCfg = Release|x64
		{6432360B-26E6-42B9-8A77-E8EAB639864A}.Release|x64.Build.0 = Release|x64
		{6432360B-26E6-42B9-8A77-E8EAB639864A}.Release|x86.ActiveCfg = Release|Win32
		{6432360B-26E6-42B9-8A77-E8EAB639864A}.Release|x86.Build.0 = Release|Win32
		{1CD77BCC-011A-4B21-9E59-B242E86CE767}.Debug|x64.ActiveCfg = Debug|x64
		{1CD77BCC-011A-4B21-9E59-B242E86CE767}.Debug|x64.Build.0 = Debug|x64
		{1CD77BCC-011A-4B21-9E59-B242E86CE767}.Debug|x86.ActiveCfg = Debug|Win32
		{1CD77BCC-011A-4B21-9E59-B242E86CE767}.Debug|x86.Build.0 = Debug|Win32
		{1CD77BCC-011A-4B21-9E59-B242E86CE767}.Release|x64.ActiveCfg = Release|x64
		{1CD77BCC-011A-4B21-9E59-B242E86CE767}.Release|x64.Build.0 = Release|x64
		{1CD77BCC-011A-4B21-9E59-B242E86CE767}.Release|x86.ActiveCfg = Release|Win32
		{1CD77BCC-011A-4B21-9E59-B242E86CE767}.Release|x86.Build.0 = Release|Win32
		{DFC80661-D9A3-41FE-A874-4597E31CCC25}.Debug|x64.ActiveCfg = Debug|x64
		{DFC80661-D9A3-41FE-A874-4597E31CCC25}.Debug|x64.Build.0 = Debug|x64
		{DFC80661-D9A3-41FE-A874-4597E31CCC25}.Debug|x86.ActiveCfg = Debug|Win32
		{DFC80661-D9A3-41FE-A874-4597E31CCC25}.Debug|x86.Build.0 = Debug|Win32
		{DFC80661-D9A3-41FE-A874-4597E31CCC25}.Release|x64.ActiveCfg = Release|x64
		{DFC80661-D9A3-41FE-A874-4597E31CCC25}.Release|x64.Build.0 = Release|x64
		{DFC80661-D9A3-41FE-A874-4597E31CCC25}.Release|x86.ActiveCfg = Release|Win32
		{DFC80661-D9A3-41FE-A874-4597E31CCC25}.Release|x86.Build.0 = Release|Win32
	EndGlobalSection
	GlobalSection(SolutionProperties) = preSolution
		HideSolutionNode = FALSE
	EndGlobalSection
	GlobalSection(ExtensibilityGlobals) = postSolution
		SolutionGuid = {339CDE05-2775-42CE-BF29-2EF3FD822E0F}
	EndGlobalSection
EndGlobal
